{
  "object": {
    "pins": [
      {
        "package": "ReduxCore",
        "repositoryURL": "https://github.com/betterme-dev/ReduxCore.git",
        "state": {
          "branch": null,
          "revision": "2fa11ca7e36c53a0d4e8b4f9153dc7f0df66a449",
          "version": "2.0.0"
        }
      }
    ]
  },
  "version": 1
}
