{
  "object": {
    "pins": [
      {
        "package": "ReduxCore",
        "repositoryURL": "https://github.com/betterme-dev/ReduxCore.git",
        "state": {
          "branch": null,
          "revision": "08ff57bed110bfeca109a0e4fc4acfe83c996604",
          "version": "1.0.0"
        }
      }
    ]
  },
  "version": 1
}
