{
  "object": {
    "pins": [
      {
        "package": "ReduxCore",
        "repositoryURL": "https://github.com/betterme-dev/ReduxCore.git",
        "state": {
          "branch": "refactoring",
          "revision": "8b4d0e034bae91aba2559e9e5076d684fb480dd9",
          "version": null
        }
      }
    ]
  },
  "version": 1
}
